// !$*UTF8*$!
{
	archiveVersion = 1;
	classes = {
	};
	objectVersion = 46;
	objects = {

/* Begin PBXBuildFile section */
		185D480EBC7088C0672F8CB9 /* Pods_RKCooperDemo.framework in Frameworks */ = {isa = PBXBuildFile; fileRef = 9D8BB637F5831069F47A90A4 /* Pods_RKCooperDemo.framework */; };
		607FACD61AFB9204008FA782 /* AppDelegate.swift in Sources */ = {isa = PBXBuildFile; fileRef = 607FACD51AFB9204008FA782 /* AppDelegate.swift */; };
		607FACD81AFB9204008FA782 /* LoginVC.swift in Sources */ = {isa = PBXBuildFile; fileRef = 607FACD71AFB9204008FA782 /* LoginVC.swift */; };
		607FACDB1AFB9204008FA782 /* Main.storyboard in Resources */ = {isa = PBXBuildFile; fileRef = 607FACD91AFB9204008FA782 /* Main.storyboard */; };
		607FACDD1AFB9204008FA782 /* Images.xcassets in Resources */ = {isa = PBXBuildFile; fileRef = 607FACDC1AFB9204008FA782 /* Images.xcassets */; };
		607FACE01AFB9204008FA782 /* LaunchScreen.xib in Resources */ = {isa = PBXBuildFile; fileRef = 607FACDE1AFB9204008FA782 /* LaunchScreen.xib */; };
		8AE3D8BF28E6939A002AFE3D /* ContactCell.swift in Sources */ = {isa = PBXBuildFile; fileRef = 8AE3D89A28E6939A002AFE3D /* ContactCell.swift */; };
		8AE3D8C028E6939A002AFE3D /* ContactListVC.swift in Sources */ = {isa = PBXBuildFile; fileRef = 8AE3D89B28E6939A002AFE3D /* ContactListVC.swift */; };
		8AE3D8C128E6939A002AFE3D /* ContactManager.swift in Sources */ = {isa = PBXBuildFile; fileRef = 8AE3D89D28E6939A002AFE3D /* ContactManager.swift */; };
		8AE3D8C228E6939A002AFE3D /* ContactModel.swift in Sources */ = {isa = PBXBuildFile; fileRef = 8AE3D89E28E6939A002AFE3D /* ContactModel.swift */; };
		8AE3D8C328E6939A002AFE3D /* MeetingManager.swift in Sources */ = {isa = PBXBuildFile; fileRef = 8AE3D8A128E6939A002AFE3D /* MeetingManager.swift */; };
		8AE3D8C428E6939A002AFE3D /* ImageDoodleVC.swift in Sources */ = {isa = PBXBuildFile; fileRef = 8AE3D8A328E6939A002AFE3D /* ImageDoodleVC.swift */; };
		8AE3D8C528E6939A002AFE3D /* DoodleVC.swift in Sources */ = {isa = PBXBuildFile; fileRef = 8AE3D8A428E6939A002AFE3D /* DoodleVC.swift */; };
		8AE3D8C628E6939A002AFE3D /* ChannelConfigVC.swift in Sources */ = {isa = PBXBuildFile; fileRef = 8AE3D8A528E6939A002AFE3D /* ChannelConfigVC.swift */; };
		8AE3D8C728E6939A002AFE3D /* SlamViewController.swift in Sources */ = {isa = PBXBuildFile; fileRef = 8AE3D8A628E6939A002AFE3D /* SlamViewController.swift */; };
		8AE3D8C828E6939A002AFE3D /* MideaRoomVC.swift in Sources */ = {isa = PBXBuildFile; fileRef = 8AE3D8A728E6939A002AFE3D /* MideaRoomVC.swift */; };
		8AE3D8C928E6939A002AFE3D /* CallPreVC.swift in Sources */ = {isa = PBXBuildFile; fileRef = 8AE3D8A828E6939A002AFE3D /* CallPreVC.swift */; };
		8AE3D8CA28E6939A002AFE3D /* RKRoomMember.swift in Sources */ = {isa = PBXBuildFile; fileRef = 8AE3D8AA28E6939A002AFE3D /* RKRoomMember.swift */; };
		8AE3D8CB28E6939A002AFE3D /* RKMeetingInfo.swift in Sources */ = {isa = PBXBuildFile; fileRef = 8AE3D8AB28E6939A002AFE3D /* RKMeetingInfo.swift */; };
		8AE3D8CC28E6939A002AFE3D /* MeetingRoomCollectionCell.swift in Sources */ = {isa = PBXBuildFile; fileRef = 8AE3D8AD28E6939A002AFE3D /* MeetingRoomCollectionCell.swift */; };
		8AE3D8CD28E6939A002AFE3D /* RKMaskView.swift in Sources */ = {isa = PBXBuildFile; fileRef = 8AE3D8AE28E6939A002AFE3D /* RKMaskView.swift */; };
		8AE3D8CE28E6939A002AFE3D /* MeetingRoomCollectionView.swift in Sources */ = {isa = PBXBuildFile; fileRef = 8AE3D8AF28E6939A002AFE3D /* MeetingRoomCollectionView.swift */; };
		8AE3D8CF28E6939A002AFE3D /* CallAlertView.swift in Sources */ = {isa = PBXBuildFile; fileRef = 8AE3D8B028E6939A002AFE3D /* CallAlertView.swift */; };
		8AE3D8D028E6939A002AFE3D /* FullVideoView.swift in Sources */ = {isa = PBXBuildFile; fileRef = 8AE3D8B128E6939A002AFE3D /* FullVideoView.swift */; };
		8AE3D8D128E6939A002AFE3D /* CustomAlertView.swift in Sources */ = {isa = PBXBuildFile; fileRef = 8AE3D8B228E6939A002AFE3D /* CustomAlertView.swift */; };
		8AE3D8D228E6939A002AFE3D /* CallView.swift in Sources */ = {isa = PBXBuildFile; fileRef = 8AE3D8B328E6939A002AFE3D /* CallView.swift */; };
		8AE3D8D328E6939A002AFE3D /* MeetingRoomNavToolBar.swift in Sources */ = {isa = PBXBuildFile; fileRef = 8AE3D8B428E6939A002AFE3D /* MeetingRoomNavToolBar.swift */; };
		8AE3D8D428E6939A002AFE3D /* MeetingSwitchToast.swift in Sources */ = {isa = PBXBuildFile; fileRef = 8AE3D8B528E6939A002AFE3D /* MeetingSwitchToast.swift */; };
		8AE3D8D528E6939A002AFE3D /* MediaSettingToolBar.swift in Sources */ = {isa = PBXBuildFile; fileRef = 8AE3D8B628E6939A002AFE3D /* MediaSettingToolBar.swift */; };
		8AE3D8D728E6939A002AFE3D /* RKExt.swift in Sources */ = {isa = PBXBuildFile; fileRef = 8AE3D8B928E6939A002AFE3D /* RKExt.swift */; };
		8AE3D8D828E6939A002AFE3D /* DemoLoginHelper.swift in Sources */ = {isa = PBXBuildFile; fileRef = 8AE3D8BA28E6939A002AFE3D /* DemoLoginHelper.swift */; };
		8AE3D8D928E6939A002AFE3D /* TestHelper.swift in Sources */ = {isa = PBXBuildFile; fileRef = 8AE3D8BB28E6939A002AFE3D /* TestHelper.swift */; };
		8AE3D8DA28E6939A002AFE3D /* RKAlertController.swift in Sources */ = {isa = PBXBuildFile; fileRef = 8AE3D8BC28E6939A002AFE3D /* RKAlertController.swift */; };
		8AE3D8DB28E6939A002AFE3D /* RKLanguageManager.swift in Sources */ = {isa = PBXBuildFile; fileRef = 8AE3D8BD28E6939A002AFE3D /* RKLanguageManager.swift */; };
		8AE3D8DC28E6939A002AFE3D /* ThemeDefine.swift in Sources */ = {isa = PBXBuildFile; fileRef = 8AE3D8BE28E6939A002AFE3D /* ThemeDefine.swift */; };
/* End PBXBuildFile section */

/* Begin PBXCopyFilesBuildPhase section */
		8A944DB127E6FABD00FA6060 /* Embed App Extensions */ = {
			isa = PBXCopyFilesBuildPhase;
			buildActionMask = 2147483647;
			dstPath = "";
			dstSubfolderSpec = 13;
			files = (
			);
			name = "Embed App Extensions";
			runOnlyForDeploymentPostprocessing = 0;
		};
/* End PBXCopyFilesBuildPhase section */

/* Begin PBXFileReference section */
		607FACD01AFB9204008FA782 /* RKCooperDemo.app */ = {isa = PBXFileReference; explicitFileType = wrapper.application; includeInIndex = 0; path = RKCooperDemo.app; sourceTree = BUILT_PRODUCTS_DIR; };
		607FACD41AFB9204008FA782 /* Info.plist */ = {isa = PBXFileReference; lastKnownFileType = text.plist.xml; path = Info.plist; sourceTree = "<group>"; };
		607FACD51AFB9204008FA782 /* AppDelegate.swift */ = {isa = PBXFileReference; lastKnownFileType = sourcecode.swift; path = AppDelegate.swift; sourceTree = "<group>"; };
		607FACD71AFB9204008FA782 /* LoginVC.swift */ = {isa = PBXFileReference; lastKnownFileType = sourcecode.swift; path = LoginVC.swift; sourceTree = "<group>"; };
		607FACDA1AFB9204008FA782 /* Base */ = {isa = PBXFileReference; lastKnownFileType = file.storyboard; name = Base; path = Base.lproj/Main.storyboard; sourceTree = "<group>"; };
		607FACDC1AFB9204008FA782 /* Images.xcassets */ = {isa = PBXFileReference; lastKnownFileType = folder.assetcatalog; path = Images.xcassets; sourceTree = "<group>"; };
		607FACDF1AFB9204008FA782 /* Base */ = {isa = PBXFileReference; lastKnownFileType = file.xib; name = Base; path = Base.lproj/LaunchScreen.xib; sourceTree = "<group>"; };
		8A944DA627E6FABD00FA6060 /* ReplayKit.framework */ = {isa = PBXFileReference; lastKnownFileType = wrapper.framework; name = ReplayKit.framework; path = System/Library/Frameworks/ReplayKit.framework; sourceTree = SDKROOT; };
		8A944DA827E6FABD00FA6060 /* UIKit.framework */ = {isa = PBXFileReference; lastKnownFileType = wrapper.framework; name = UIKit.framework; path = System/Library/Frameworks/UIKit.framework; sourceTree = SDKROOT; };
		8AE3D89A28E6939A002AFE3D /* ContactCell.swift */ = {isa = PBXFileReference; fileEncoding = 4; lastKnownFileType = sourcecode.swift; path = ContactCell.swift; sourceTree = "<group>"; };
		8AE3D89B28E6939A002AFE3D /* ContactListVC.swift */ = {isa = PBXFileReference; fileEncoding = 4; lastKnownFileType = sourcecode.swift; path = ContactListVC.swift; sourceTree = "<group>"; };
		8AE3D89D28E6939A002AFE3D /* ContactManager.swift */ = {isa = PBXFileReference; fileEncoding = 4; lastKnownFileType = sourcecode.swift; path = ContactManager.swift; sourceTree = "<group>"; };
		8AE3D89E28E6939A002AFE3D /* ContactModel.swift */ = {isa = PBXFileReference; fileEncoding = 4; lastKnownFileType = sourcecode.swift; path = ContactModel.swift; sourceTree = "<group>"; };
		8AE3D8A128E6939A002AFE3D /* MeetingManager.swift */ = {isa = PBXFileReference; fileEncoding = 4; lastKnownFileType = sourcecode.swift; path = MeetingManager.swift; sourceTree = "<group>"; };
		8AE3D8A328E6939A002AFE3D /* ImageDoodleVC.swift */ = {isa = PBXFileReference; fileEncoding = 4; lastKnownFileType = sourcecode.swift; path = ImageDoodleVC.swift; sourceTree = "<group>"; };
		8AE3D8A428E6939A002AFE3D /* DoodleVC.swift */ = {isa = PBXFileReference; fileEncoding = 4; lastKnownFileType = sourcecode.swift; path = DoodleVC.swift; sourceTree = "<group>"; };
		8AE3D8A528E6939A002AFE3D /* ChannelConfigVC.swift */ = {isa = PBXFileReference; fileEncoding = 4; lastKnownFileType = sourcecode.swift; path = ChannelConfigVC.swift; sourceTree = "<group>"; };
		8AE3D8A628E6939A002AFE3D /* SlamViewController.swift */ = {isa = PBXFileReference; fileEncoding = 4; lastKnownFileType = sourcecode.swift; path = SlamViewController.swift; sourceTree = "<group>"; };
		8AE3D8A728E6939A002AFE3D /* MideaRoomVC.swift */ = {isa = PBXFileReference; fileEncoding = 4; lastKnownFileType = sourcecode.swift; path = MideaRoomVC.swift; sourceTree = "<group>"; };
		8AE3D8A828E6939A002AFE3D /* CallPreVC.swift */ = {isa = PBXFileReference; fileEncoding = 4; lastKnownFileType = sourcecode.swift; path = CallPreVC.swift; sourceTree = "<group>"; };
		8AE3D8AA28E6939A002AFE3D /* RKRoomMember.swift */ = {isa = PBXFileReference; fileEncoding = 4; lastKnownFileType = sourcecode.swift; path = RKRoomMember.swift; sourceTree = "<group>"; };
		8AE3D8AB28E6939A002AFE3D /* RKMeetingInfo.swift */ = {isa = PBXFileReference; fileEncoding = 4; lastKnownFileType = sourcecode.swift; path = RKMeetingInfo.swift; sourceTree = "<group>"; };
		8AE3D8AD28E6939A002AFE3D /* MeetingRoomCollectionCell.swift */ = {isa = PBXFileReference; fileEncoding = 4; lastKnownFileType = sourcecode.swift; path = MeetingRoomCollectionCell.swift; sourceTree = "<group>"; };
		8AE3D8AE28E6939A002AFE3D /* RKMaskView.swift */ = {isa = PBXFileReference; fileEncoding = 4; lastKnownFileType = sourcecode.swift; path = RKMaskView.swift; sourceTree = "<group>"; };
		8AE3D8AF28E6939A002AFE3D /* MeetingRoomCollectionView.swift */ = {isa = PBXFileReference; fileEncoding = 4; lastKnownFileType = sourcecode.swift; path = MeetingRoomCollectionView.swift; sourceTree = "<group>"; };
		8AE3D8B028E6939A002AFE3D /* CallAlertView.swift */ = {isa = PBXFileReference; fileEncoding = 4; lastKnownFileType = sourcecode.swift; path = CallAlertView.swift; sourceTree = "<group>"; };
		8AE3D8B128E6939A002AFE3D /* FullVideoView.swift */ = {isa = PBXFileReference; fileEncoding = 4; lastKnownFileType = sourcecode.swift; path = FullVideoView.swift; sourceTree = "<group>"; };
		8AE3D8B228E6939A002AFE3D /* CustomAlertView.swift */ = {isa = PBXFileReference; fileEncoding = 4; lastKnownFileType = sourcecode.swift; path = CustomAlertView.swift; sourceTree = "<group>"; };
		8AE3D8B328E6939A002AFE3D /* CallView.swift */ = {isa = PBXFileReference; fileEncoding = 4; lastKnownFileType = sourcecode.swift; path = CallView.swift; sourceTree = "<group>"; };
		8AE3D8B428E6939A002AFE3D /* MeetingRoomNavToolBar.swift */ = {isa = PBXFileReference; fileEncoding = 4; lastKnownFileType = sourcecode.swift; path = MeetingRoomNavToolBar.swift; sourceTree = "<group>"; };
		8AE3D8B528E6939A002AFE3D /* MeetingSwitchToast.swift */ = {isa = PBXFileReference; fileEncoding = 4; lastKnownFileType = sourcecode.swift; path = MeetingSwitchToast.swift; sourceTree = "<group>"; };
		8AE3D8B628E6939A002AFE3D /* MediaSettingToolBar.swift */ = {isa = PBXFileReference; fileEncoding = 4; lastKnownFileType = sourcecode.swift; path = MediaSettingToolBar.swift; sourceTree = "<group>"; };
		8AE3D8B928E6939A002AFE3D /* RKExt.swift */ = {isa = PBXFileReference; fileEncoding = 4; lastKnownFileType = sourcecode.swift; path = RKExt.swift; sourceTree = "<group>"; };
		8AE3D8BA28E6939A002AFE3D /* DemoLoginHelper.swift */ = {isa = PBXFileReference; fileEncoding = 4; lastKnownFileType = sourcecode.swift; path = DemoLoginHelper.swift; sourceTree = "<group>"; };
		8AE3D8BB28E6939A002AFE3D /* TestHelper.swift */ = {isa = PBXFileReference; fileEncoding = 4; lastKnownFileType = sourcecode.swift; path = TestHelper.swift; sourceTree = "<group>"; };
		8AE3D8BC28E6939A002AFE3D /* RKAlertController.swift */ = {isa = PBXFileReference; fileEncoding = 4; lastKnownFileType = sourcecode.swift; path = RKAlertController.swift; sourceTree = "<group>"; };
		8AE3D8BD28E6939A002AFE3D /* RKLanguageManager.swift */ = {isa = PBXFileReference; fileEncoding = 4; lastKnownFileType = sourcecode.swift; path = RKLanguageManager.swift; sourceTree = "<group>"; };
		8AE3D8BE28E6939A002AFE3D /* ThemeDefine.swift */ = {isa = PBXFileReference; fileEncoding = 4; lastKnownFileType = sourcecode.swift; path = ThemeDefine.swift; sourceTree = "<group>"; };
		9D8BB637F5831069F47A90A4 /* Pods_RKCooperDemo.framework */ = {isa = PBXFileReference; explicitFileType = wrapper.framework; includeInIndex = 0; path = Pods_RKCooperDemo.framework; sourceTree = BUILT_PRODUCTS_DIR; };
		A3BF7C1C27D78E178C4E8A81 /* Pods-RKCooperDemo_Example.debug.xcconfig */ = {isa = PBXFileReference; includeInIndex = 1; lastKnownFileType = text.xcconfig; name = "Pods-RKCooperDemo_Example.debug.xcconfig"; path = "Target Support Files/Pods-RKCooperDemo_Example/Pods-RKCooperDemo_Example.debug.xcconfig"; sourceTree = "<group>"; };
		B0623B3227EC4050004E43A1 /* RKCooperDemoRelease.entitlements */ = {isa = PBXFileReference; lastKnownFileType = text.plist.entitlements; name = RKCooperDemoRelease.entitlements; path = RKCooperDemo/RKCooperDemoRelease.entitlements; sourceTree = "<group>"; };
		B4140A1BBA1886582263CE52 /* Pods-RKCooperDemo_Example.release.xcconfig */ = {isa = PBXFileReference; includeInIndex = 1; lastKnownFileType = text.xcconfig; name = "Pods-RKCooperDemo_Example.release.xcconfig"; path = "Target Support Files/Pods-RKCooperDemo_Example/Pods-RKCooperDemo_Example.release.xcconfig"; sourceTree = "<group>"; };
		CBA2127BFA85D124B4E0EEF5 /* Pods-RKCooperDemo.release.xcconfig */ = {isa = PBXFileReference; includeInIndex = 1; lastKnownFileType = text.xcconfig; name = "Pods-RKCooperDemo.release.xcconfig"; path = "Target Support Files/Pods-RKCooperDemo/Pods-RKCooperDemo.release.xcconfig"; sourceTree = "<group>"; };
		F971A9210B63411DCB0AE78B /* Pods-RKCooperDemo.debug.xcconfig */ = {isa = PBXFileReference; includeInIndex = 1; lastKnownFileType = text.xcconfig; name = "Pods-RKCooperDemo.debug.xcconfig"; path = "Target Support Files/Pods-RKCooperDemo/Pods-RKCooperDemo.debug.xcconfig"; sourceTree = "<group>"; };
/* End PBXFileReference section */

/* Begin PBXFrameworksBuildPhase section */
		607FACCD1AFB9204008FA782 /* Frameworks */ = {
			isa = PBXFrameworksBuildPhase;
			buildActionMask = 2147483647;
			files = (
				185D480EBC7088C0672F8CB9 /* Pods_RKCooperDemo.framework in Frameworks */,
			);
			runOnlyForDeploymentPostprocessing = 0;
		};
/* End PBXFrameworksBuildPhase section */

/* Begin PBXGroup section */
		2E3EA0404B24485FD3099CFD /* Frameworks */ = {
			isa = PBXGroup;
			children = (
				8A944DA627E6FABD00FA6060 /* ReplayKit.framework */,
				8A944DA827E6FABD00FA6060 /* UIKit.framework */,
				9D8BB637F5831069F47A90A4 /* Pods_RKCooperDemo.framework */,
			);
			name = Frameworks;
			sourceTree = "<group>";
		};
		607FACC71AFB9204008FA782 = {
			isa = PBXGroup;
			children = (
				B0623B3227EC4050004E43A1 /* RKCooperDemoRelease.entitlements */,
				607FACD21AFB9204008FA782 /* Example for RKCooperDemo */,
				607FACD11AFB9204008FA782 /* Products */,
				BA59C2957BC54687A078BA5A /* Pods */,
				2E3EA0404B24485FD3099CFD /* Frameworks */,
			);
			sourceTree = "<group>";
		};
		607FACD11AFB9204008FA782 /* Products */ = {
			isa = PBXGroup;
			children = (
				607FACD01AFB9204008FA782 /* RKCooperDemo.app */,
			);
			name = Products;
			sourceTree = "<group>";
		};
		607FACD21AFB9204008FA782 /* Example for RKCooperDemo */ = {
			isa = PBXGroup;
			children = (
				8AE3D89828E6939A002AFE3D /* Main */,
				8AE3D8B828E6939A002AFE3D /* Utils */,
				607FACD51AFB9204008FA782 /* AppDelegate.swift */,
				607FACD71AFB9204008FA782 /* LoginVC.swift */,
				607FACD91AFB9204008FA782 /* Main.storyboard */,
				607FACDC1AFB9204008FA782 /* Images.xcassets */,
				607FACDE1AFB9204008FA782 /* LaunchScreen.xib */,
				607FACD31AFB9204008FA782 /* Supporting Files */,
			);
			name = "Example for RKCooperDemo";
			path = RKCooperDemo;
			sourceTree = "<group>";
		};
		607FACD31AFB9204008FA782 /* Supporting Files */ = {
			isa = PBXGroup;
			children = (
				607FACD41AFB9204008FA782 /* Info.plist */,
			);
			name = "Supporting Files";
			sourceTree = "<group>";
		};
		8AE3D89828E6939A002AFE3D /* Main */ = {
			isa = PBXGroup;
			children = (
				8AE3D89928E6939A002AFE3D /* Contact */,
				8AE3D89F28E6939A002AFE3D /* RTC */,
			);
			path = Main;
			sourceTree = "<group>";
		};
		8AE3D89928E6939A002AFE3D /* Contact */ = {
			isa = PBXGroup;
			children = (
				8AE3D89A28E6939A002AFE3D /* ContactCell.swift */,
				8AE3D89B28E6939A002AFE3D /* ContactListVC.swift */,
				8AE3D89C28E6939A002AFE3D /* Manager */,
				8AE3D89E28E6939A002AFE3D /* ContactModel.swift */,
			);
			path = Contact;
			sourceTree = "<group>";
		};
		8AE3D89C28E6939A002AFE3D /* Manager */ = {
			isa = PBXGroup;
			children = (
				8AE3D89D28E6939A002AFE3D /* ContactManager.swift */,
			);
			path = Manager;
			sourceTree = "<group>";
		};
		8AE3D89F28E6939A002AFE3D /* RTC */ = {
			isa = PBXGroup;
			children = (
				8AE3D8A028E6939A002AFE3D /* Manager */,
				8AE3D8A228E6939A002AFE3D /* VC */,
				8AE3D8A928E6939A002AFE3D /* Model */,
				8AE3D8AC28E6939A002AFE3D /* View */,
			);
			path = RTC;
			sourceTree = "<group>";
		};
		8AE3D8A028E6939A002AFE3D /* Manager */ = {
			isa = PBXGroup;
			children = (
				8AE3D8A128E6939A002AFE3D /* MeetingManager.swift */,
			);
			path = Manager;
			sourceTree = "<group>";
		};
		8AE3D8A228E6939A002AFE3D /* VC */ = {
			isa = PBXGroup;
			children = (
				8AE3D8A328E6939A002AFE3D /* ImageDoodleVC.swift */,
				8AE3D8A428E6939A002AFE3D /* DoodleVC.swift */,
				8AE3D8A528E6939A002AFE3D /* ChannelConfigVC.swift */,
				8AE3D8A628E6939A002AFE3D /* SlamViewController.swift */,
				8AE3D8A728E6939A002AFE3D /* MideaRoomVC.swift */,
				8AE3D8A828E6939A002AFE3D /* CallPreVC.swift */,
			);
			path = VC;
			sourceTree = "<group>";
		};
		8AE3D8A928E6939A002AFE3D /* Model */ = {
			isa = PBXGroup;
			children = (
				8AE3D8AA28E6939A002AFE3D /* RKRoomMember.swift */,
				8AE3D8AB28E6939A002AFE3D /* RKMeetingInfo.swift */,
			);
			path = Model;
			sourceTree = "<group>";
		};
		8AE3D8AC28E6939A002AFE3D /* View */ = {
			isa = PBXGroup;
			children = (
				8AE3D8AD28E6939A002AFE3D /* MeetingRoomCollectionCell.swift */,
				8AE3D8AE28E6939A002AFE3D /* RKMaskView.swift */,
				8AE3D8AF28E6939A002AFE3D /* MeetingRoomCollectionView.swift */,
				8AE3D8B028E6939A002AFE3D /* CallAlertView.swift */,
				8AE3D8B128E6939A002AFE3D /* FullVideoView.swift */,
				8AE3D8B228E6939A002AFE3D /* CustomAlertView.swift */,
				8AE3D8B328E6939A002AFE3D /* CallView.swift */,
				8AE3D8B428E6939A002AFE3D /* MeetingRoomNavToolBar.swift */,
				8AE3D8B528E6939A002AFE3D /* MeetingSwitchToast.swift */,
				8AE3D8B628E6939A002AFE3D /* MediaSettingToolBar.swift */,
			);
			path = View;
			sourceTree = "<group>";
		};
		8AE3D8B828E6939A002AFE3D /* Utils */ = {
			isa = PBXGroup;
			children = (
				8AE3D8B928E6939A002AFE3D /* RKExt.swift */,
				8AE3D8BA28E6939A002AFE3D /* DemoLoginHelper.swift */,
				8AE3D8BB28E6939A002AFE3D /* TestHelper.swift */,
				8AE3D8BC28E6939A002AFE3D /* RKAlertController.swift */,
				8AE3D8BD28E6939A002AFE3D /* RKLanguageManager.swift */,
				8AE3D8BE28E6939A002AFE3D /* ThemeDefine.swift */,
			);
			path = Utils;
			sourceTree = "<group>";
		};
		BA59C2957BC54687A078BA5A /* Pods */ = {
			isa = PBXGroup;
			children = (
				A3BF7C1C27D78E178C4E8A81 /* Pods-RKCooperDemo_Example.debug.xcconfig */,
				B4140A1BBA1886582263CE52 /* Pods-RKCooperDemo_Example.release.xcconfig */,
				F971A9210B63411DCB0AE78B /* Pods-RKCooperDemo.debug.xcconfig */,
				CBA2127BFA85D124B4E0EEF5 /* Pods-RKCooperDemo.release.xcconfig */,
			);
			path = Pods;
			sourceTree = "<group>";
		};
/* End PBXGroup section */

/* Begin PBXNativeTarget section */
		607FACCF1AFB9204008FA782 /* RKCooperDemo */ = {
			isa = PBXNativeTarget;
			buildConfigurationList = 607FACEF1AFB9204008FA782 /* Build configuration list for PBXNativeTarget "RKCooperDemo" */;
			buildPhases = (
				3AE929D07B026D18A0588630 /* [CP] Check Pods Manifest.lock */,
				607FACCC1AFB9204008FA782 /* Sources */,
				607FACCD1AFB9204008FA782 /* Frameworks */,
				607FACCE1AFB9204008FA782 /* Resources */,
				2865007E64478EA41E7BF317 /* [CP] Embed Pods Frameworks */,
				8A944DB127E6FABD00FA6060 /* Embed App Extensions */,
			);
			buildRules = (
			);
			dependencies = (
			);
			name = RKCooperDemo;
			productName = RKCooperDemo;
			productReference = 607FACD01AFB9204008FA782 /* RKCooperDemo.app */;
			productType = "com.apple.product-type.application";
		};
/* End PBXNativeTarget section */

/* Begin PBXProject section */
		607FACC81AFB9204008FA782 /* Project object */ = {
			isa = PBXProject;
			attributes = {
				LastSwiftUpdateCheck = 1320;
				LastUpgradeCheck = 0830;
				ORGANIZATIONNAME = CocoaPods;
				TargetAttributes = {
					607FACCF1AFB9204008FA782 = {
						CreatedOnToolsVersion = 6.3.1;
						DevelopmentTeam = 3YUD9UBP45;
						LastSwiftMigration = 0900;
						ProvisioningStyle = Automatic;
					};
				};
			};
			buildConfigurationList = 607FACCB1AFB9204008FA782 /* Build configuration list for PBXProject "RKCooperDemo" */;
			compatibilityVersion = "Xcode 3.2";
			developmentRegion = English;
			hasScannedForEncodings = 0;
			knownRegions = (
				English,
				en,
				Base,
			);
			mainGroup = 607FACC71AFB9204008FA782;
			productRefGroup = 607FACD11AFB9204008FA782 /* Products */;
			projectDirPath = "";
			projectRoot = "";
			targets = (
				607FACCF1AFB9204008FA782 /* RKCooperDemo */,
			);
		};
/* End PBXProject section */

/* Begin PBXResourcesBuildPhase section */
		607FACCE1AFB9204008FA782 /* Resources */ = {
			isa = PBXResourcesBuildPhase;
			buildActionMask = 2147483647;
			files = (
				607FACDB1AFB9204008FA782 /* Main.storyboard in Resources */,
				607FACE01AFB9204008FA782 /* LaunchScreen.xib in Resources */,
				607FACDD1AFB9204008FA782 /* Images.xcassets in Resources */,
			);
			runOnlyForDeploymentPostprocessing = 0;
		};
/* End PBXResourcesBuildPhase section */

/* Begin PBXShellScriptBuildPhase section */
		2865007E64478EA41E7BF317 /* [CP] Embed Pods Frameworks */ = {
			isa = PBXShellScriptBuildPhase;
			buildActionMask = 2147483647;
			files = (
			);
			inputPaths = (
				"${PODS_ROOT}/Target Support Files/Pods-RKCooperDemo/Pods-RKCooperDemo-frameworks.sh",
				"${BUILT_PRODUCTS_DIR}/Alamofire/Alamofire.framework",
				"${BUILT_PRODUCTS_DIR}/CocoaLumberjack/CocoaLumberjack.framework",
				"${BUILT_PRODUCTS_DIR}/DoraemonKit/DoraemonKit.framework",
				"${BUILT_PRODUCTS_DIR}/FMDB/FMDB.framework",
				"${BUILT_PRODUCTS_DIR}/GCDWebServer/GCDWebServer.framework",
				"${BUILT_PRODUCTS_DIR}/IQKeyboardManagerSwift/IQKeyboardManagerSwift.framework",
				"${BUILT_PRODUCTS_DIR}/Kingfisher/Kingfisher.framework",
				"${BUILT_PRODUCTS_DIR}/LookinServer/LookinServer.framework",
				"${BUILT_PRODUCTS_DIR}/Moya/Moya.framework",
				"${BUILT_PRODUCTS_DIR}/QMUIKit/QMUIKit.framework",
				"${PODS_ROOT}/RKCooperationCore/Frameworks/RKCooperationCore.framework",
				"${BUILT_PRODUCTS_DIR}/RKIHandyJSON/RKIHandyJSON.framework",
				"${BUILT_PRODUCTS_DIR}/RKILogger/RKILogger.framework",
				"${BUILT_PRODUCTS_DIR}/RKIUtils/RKIUtils.framework",
				"${PODS_ROOT}/RKRTC/Frameworks/AWSCore.framework",
				"${PODS_ROOT}/RKRTC/Frameworks/AWSS3.framework",
				"${PODS_ROOT}/RKRTC/Frameworks/RKRTC.framework",
				"${PODS_ROOT}/RKRTC/Frameworks/WebRTC.framework",
				"${BUILT_PRODUCTS_DIR}/SnapKit/SnapKit.framework",
				"${BUILT_PRODUCTS_DIR}/Starscream/Starscream.framework",
			);
			name = "[CP] Embed Pods Frameworks";
			outputPaths = (
				"${TARGET_BUILD_DIR}/${FRAMEWORKS_FOLDER_PATH}/Alamofire.framework",
				"${TARGET_BUILD_DIR}/${FRAMEWORKS_FOLDER_PATH}/CocoaLumberjack.framework",
				"${TARGET_BUILD_DIR}/${FRAMEWORKS_FOLDER_PATH}/DoraemonKit.framework",
				"${TARGET_BUILD_DIR}/${FRAMEWORKS_FOLDER_PATH}/FMDB.framework",
				"${TARGET_BUILD_DIR}/${FRAMEWORKS_FOLDER_PATH}/GCDWebServer.framework",
				"${TARGET_BUILD_DIR}/${FRAMEWORKS_FOLDER_PATH}/IQKeyboardManagerSwift.framework",
				"${TARGET_BUILD_DIR}/${FRAMEWORKS_FOLDER_PATH}/Kingfisher.framework",
				"${TARGET_BUILD_DIR}/${FRAMEWORKS_FOLDER_PATH}/LookinServer.framework",
				"${TARGET_BUILD_DIR}/${FRAMEWORKS_FOLDER_PATH}/Moya.framework",
				"${TARGET_BUILD_DIR}/${FRAMEWORKS_FOLDER_PATH}/QMUIKit.framework",
				"${TARGET_BUILD_DIR}/${FRAMEWORKS_FOLDER_PATH}/RKCooperationCore.framework",
				"${TARGET_BUILD_DIR}/${FRAMEWORKS_FOLDER_PATH}/RKIHandyJSON.framework",
				"${TARGET_BUILD_DIR}/${FRAMEWORKS_FOLDER_PATH}/RKILogger.framework",
				"${TARGET_BUILD_DIR}/${FRAMEWORKS_FOLDER_PATH}/RKIUtils.framework",
				"${TARGET_BUILD_DIR}/${FRAMEWORKS_FOLDER_PATH}/AWSCore.framework",
				"${TARGET_BUILD_DIR}/${FRAMEWORKS_FOLDER_PATH}/AWSS3.framework",
				"${TARGET_BUILD_DIR}/${FRAMEWORKS_FOLDER_PATH}/RKRTC.framework",
				"${TARGET_BUILD_DIR}/${FRAMEWORKS_FOLDER_PATH}/WebRTC.framework",
				"${TARGET_BUILD_DIR}/${FRAMEWORKS_FOLDER_PATH}/SnapKit.framework",
				"${TARGET_BUILD_DIR}/${FRAMEWORKS_FOLDER_PATH}/Starscream.framework",
			);
			runOnlyForDeploymentPostprocessing = 0;
			shellPath = /bin/sh;
			shellScript = "\"${PODS_ROOT}/Target Support Files/Pods-RKCooperDemo/Pods-RKCooperDemo-frameworks.sh\"\n";
			showEnvVarsInLog = 0;
		};
		3AE929D07B026D18A0588630 /* [CP] Check Pods Manifest.lock */ = {
			isa = PBXShellScriptBuildPhase;
			buildActionMask = 2147483647;
			files = (
			);
			inputFileListPaths = (
			);
			inputPaths = (
				"${PODS_PODFILE_DIR_PATH}/Podfile.lock",
				"${PODS_ROOT}/Manifest.lock",
			);
			name = "[CP] Check Pods Manifest.lock";
			outputFileListPaths = (
			);
			outputPaths = (
				"$(DERIVED_FILE_DIR)/Pods-RKCooperDemo-checkManifestLockResult.txt",
			);
			runOnlyForDeploymentPostprocessing = 0;
			shellPath = /bin/sh;
			shellScript = "diff \"${PODS_PODFILE_DIR_PATH}/Podfile.lock\" \"${PODS_ROOT}/Manifest.lock\" > /dev/null\nif [ $? != 0 ] ; then\n    # print error to STDERR\n    echo \"error: The sandbox is not in sync with the Podfile.lock. Run 'pod install' or update your CocoaPods installation.\" >&2\n    exit 1\nfi\n# This output is used by Xcode 'outputs' to avoid re-running this script phase.\necho \"SUCCESS\" > \"${SCRIPT_OUTPUT_FILE_0}\"\n";
			showEnvVarsInLog = 0;
		};
/* End PBXShellScriptBuildPhase section */

/* Begin PBXSourcesBuildPhase section */
		607FACCC1AFB9204008FA782 /* Sources */ = {
			isa = PBXSourcesBuildPhase;
			buildActionMask = 2147483647;
			files = (
				8AE3D8C128E6939A002AFE3D /* ContactManager.swift in Sources */,
				8AE3D8D428E6939A002AFE3D /* MeetingSwitchToast.swift in Sources */,
				8AE3D8D928E6939A002AFE3D /* TestHelper.swift in Sources */,
				8AE3D8C428E6939A002AFE3D /* ImageDoodleVC.swift in Sources */,
				8AE3D8CF28E6939A002AFE3D /* CallAlertView.swift in Sources */,
				8AE3D8C828E6939A002AFE3D /* MideaRoomVC.swift in Sources */,
				8AE3D8CA28E6939A002AFE3D /* RKRoomMember.swift in Sources */,
				8AE3D8DB28E6939A002AFE3D /* RKLanguageManager.swift in Sources */,
				8AE3D8CD28E6939A002AFE3D /* RKMaskView.swift in Sources */,
				8AE3D8C628E6939A002AFE3D /* ChannelConfigVC.swift in Sources */,
				8AE3D8DC28E6939A002AFE3D /* ThemeDefine.swift in Sources */,
				8AE3D8C328E6939A002AFE3D /* MeetingManager.swift in Sources */,
				8AE3D8BF28E6939A002AFE3D /* ContactCell.swift in Sources */,
				8AE3D8D828E6939A002AFE3D /* DemoLoginHelper.swift in Sources */,
				8AE3D8C728E6939A002AFE3D /* SlamViewController.swift in Sources */,
				8AE3D8C228E6939A002AFE3D /* ContactModel.swift in Sources */,
				8AE3D8D528E6939A002AFE3D /* MediaSettingToolBar.swift in Sources */,
				8AE3D8D328E6939A002AFE3D /* MeetingRoomNavToolBar.swift in Sources */,
				8AE3D8CB28E6939A002AFE3D /* RKMeetingInfo.swift in Sources */,
				8AE3D8D728E6939A002AFE3D /* RKExt.swift in Sources */,
				8AE3D8CE28E6939A002AFE3D /* MeetingRoomCollectionView.swift in Sources */,
				8AE3D8C528E6939A002AFE3D /* DoodleVC.swift in Sources */,
				8AE3D8DA28E6939A002AFE3D /* RKAlertController.swift in Sources */,
				607FACD81AFB9204008FA782 /* LoginVC.swift in Sources */,
				8AE3D8D128E6939A002AFE3D /* CustomAlertView.swift in Sources */,
				8AE3D8D028E6939A002AFE3D /* FullVideoView.swift in Sources */,
				8AE3D8CC28E6939A002AFE3D /* MeetingRoomCollectionCell.swift in Sources */,
				8AE3D8D228E6939A002AFE3D /* CallView.swift in Sources */,
				607FACD61AFB9204008FA782 /* AppDelegate.swift in Sources */,
				8AE3D8C928E6939A002AFE3D /* CallPreVC.swift in Sources */,
				8AE3D8C028E6939A002AFE3D /* ContactListVC.swift in Sources */,
			);
			runOnlyForDeploymentPostprocessing = 0;
		};
/* End PBXSourcesBuildPhase section */

/* Begin PBXVariantGroup section */
		607FACD91AFB9204008FA782 /* Main.storyboard */ = {
			isa = PBXVariantGroup;
			children = (
				607FACDA1AFB9204008FA782 /* Base */,
			);
			name = Main.storyboard;
			sourceTree = "<group>";
		};
		607FACDE1AFB9204008FA782 /* LaunchScreen.xib */ = {
			isa = PBXVariantGroup;
			children = (
				607FACDF1AFB9204008FA782 /* Base */,
			);
			name = LaunchScreen.xib;
			sourceTree = "<group>";
		};
/* End PBXVariantGroup section */

/* Begin XCBuildConfiguration section */
		607FACED1AFB9204008FA782 /* Debug */ = {
			isa = XCBuildConfiguration;
			buildSettings = {
				ALWAYS_SEARCH_USER_PATHS = NO;
				CLANG_CXX_LANGUAGE_STANDARD = "gnu++0x";
				CLANG_CXX_LIBRARY = "libc++";
				CLANG_ENABLE_MODULES = YES;
				CLANG_ENABLE_OBJC_ARC = YES;
				CLANG_WARN_BLOCK_CAPTURE_AUTORELEASING = YES;
				CLANG_WARN_BOOL_CONVERSION = YES;
				CLANG_WARN_COMMA = YES;
				CLANG_WARN_CONSTANT_CONVERSION = YES;
				CLANG_WARN_DIRECT_OBJC_ISA_USAGE = YES_ERROR;
				CLANG_WARN_EMPTY_BODY = YES;
				CLANG_WARN_ENUM_CONVERSION = YES;
				CLANG_WARN_INFINITE_RECURSION = YES;
				CLANG_WARN_INT_CONVERSION = YES;
				CLANG_WARN_NON_LITERAL_NULL_CONVERSION = YES;
				CLANG_WARN_OBJC_LITERAL_CONVERSION = YES;
				CLANG_WARN_OBJC_ROOT_CLASS = YES_ERROR;
				CLANG_WARN_RANGE_LOOP_ANALYSIS = YES;
				CLANG_WARN_STRICT_PROTOTYPES = YES;
				CLANG_WARN_SUSPICIOUS_MOVE = YES;
				CLANG_WARN_UNREACHABLE_CODE = YES;
				CLANG_WARN__DUPLICATE_METHOD_MATCH = YES;
				"CODE_SIGN_IDENTITY[sdk=iphoneos*]" = "iPhone Developer";
				COPY_PHASE_STRIP = NO;
				DEBUG_INFORMATION_FORMAT = "dwarf-with-dsym";
				ENABLE_BITCODE = NO;
				ENABLE_STRICT_OBJC_MSGSEND = YES;
				ENABLE_TESTABILITY = YES;
				GCC_C_LANGUAGE_STANDARD = gnu99;
				GCC_DYNAMIC_NO_PIC = NO;
				GCC_NO_COMMON_BLOCKS = YES;
				GCC_OPTIMIZATION_LEVEL = 0;
				GCC_PREPROCESSOR_DEFINITIONS = (
					"DEBUG=1",
					"$(inherited)",
				);
				GCC_SYMBOLS_PRIVATE_EXTERN = NO;
				GCC_WARN_64_TO_32_BIT_CONVERSION = YES;
				GCC_WARN_ABOUT_RETURN_TYPE = YES_ERROR;
				GCC_WARN_UNDECLARED_SELECTOR = YES;
				GCC_WARN_UNINITIALIZED_AUTOS = YES_AGGRESSIVE;
				GCC_WARN_UNUSED_FUNCTION = YES;
				GCC_WARN_UNUSED_VARIABLE = YES;
				IPHONEOS_DEPLOYMENT_TARGET = 10.0;
				MTL_ENABLE_DEBUG_INFO = YES;
				ONLY_ACTIVE_ARCH = YES;
				SDKROOT = iphoneos;
				SWIFT_OPTIMIZATION_LEVEL = "-Onone";
			};
			name = Debug;
		};
		607FACEE1AFB9204008FA782 /* Release */ = {
			isa = XCBuildConfiguration;
			buildSettings = {
				ALWAYS_SEARCH_USER_PATHS = NO;
				CLANG_CXX_LANGUAGE_STANDARD = "gnu++0x";
				CLANG_CXX_LIBRARY = "libc++";
				CLANG_ENABLE_MODULES = YES;
				CLANG_ENABLE_OBJC_ARC = YES;
				CLANG_WARN_BLOCK_CAPTURE_AUTORELEASING = YES;
				CLANG_WARN_BOOL_CONVERSION = YES;
				CLANG_WARN_COMMA = YES;
				CLANG_WARN_CONSTANT_CONVERSION = YES;
				CLANG_WARN_DIRECT_OBJC_ISA_USAGE = YES_ERROR;
				CLANG_WARN_EMPTY_BODY = YES;
				CLANG_WARN_ENUM_CONVERSION = YES;
				CLANG_WARN_INFINITE_RECURSION = YES;
				CLANG_WARN_INT_CONVERSION = YES;
				CLANG_WARN_NON_LITERAL_NULL_CONVERSION = YES;
				CLANG_WARN_OBJC_LITERAL_CONVERSION = YES;
				CLANG_WARN_OBJC_ROOT_CLASS = YES_ERROR;
				CLANG_WARN_RANGE_LOOP_ANALYSIS = YES;
				CLANG_WARN_STRICT_PROTOTYPES = YES;
				CLANG_WARN_SUSPICIOUS_MOVE = YES;
				CLANG_WARN_UNREACHABLE_CODE = YES;
				CLANG_WARN__DUPLICATE_METHOD_MATCH = YES;
				"CODE_SIGN_IDENTITY[sdk=iphoneos*]" = "iPhone Developer";
				COPY_PHASE_STRIP = NO;
				DEBUG_INFORMATION_FORMAT = "dwarf-with-dsym";
				ENABLE_BITCODE = NO;
				ENABLE_NS_ASSERTIONS = NO;
				ENABLE_STRICT_OBJC_MSGSEND = YES;
				GCC_C_LANGUAGE_STANDARD = gnu99;
				GCC_NO_COMMON_BLOCKS = YES;
				GCC_WARN_64_TO_32_BIT_CONVERSION = YES;
				GCC_WARN_ABOUT_RETURN_TYPE = YES_ERROR;
				GCC_WARN_UNDECLARED_SELECTOR = YES;
				GCC_WARN_UNINITIALIZED_AUTOS = YES_AGGRESSIVE;
				GCC_WARN_UNUSED_FUNCTION = YES;
				GCC_WARN_UNUSED_VARIABLE = YES;
				IPHONEOS_DEPLOYMENT_TARGET = 10.0;
				MTL_ENABLE_DEBUG_INFO = NO;
				SDKROOT = iphoneos;
				SWIFT_OPTIMIZATION_LEVEL = "-Owholemodule";
				VALIDATE_PRODUCT = YES;
			};
			name = Release;
		};
		607FACF01AFB9204008FA782 /* Debug */ = {
			isa = XCBuildConfiguration;
			baseConfigurationReference = F971A9210B63411DCB0AE78B /* Pods-RKCooperDemo.debug.xcconfig */;
			buildSettings = {
				ALWAYS_EMBED_SWIFT_STANDARD_LIBRARIES = YES;
				ASSETCATALOG_COMPILER_APPICON_NAME = AppIcon;
				CODE_SIGN_ENTITLEMENTS = "";
				CODE_SIGN_IDENTITY = "Apple Development";
				CODE_SIGN_STYLE = Automatic;
				CURRENT_PROJECT_VERSION = 04011701;
				DEVELOPMENT_TEAM = "";
				ENABLE_BITCODE = NO;
				INFOPLIST_FILE = RKCooperDemo/Info.plist;
				IPHONEOS_DEPLOYMENT_TARGET = 10.0;
				LD_RUNPATH_SEARCH_PATHS = "$(inherited) @executable_path/Frameworks";
				MARKETING_VERSION = 2.0.0;
				MODULE_NAME = ExampleApp;
				PRODUCT_BUNDLE_IDENTIFIER = com.rokid.cooperation.example;
				PRODUCT_NAME = "$(TARGET_NAME)";
				PROVISIONING_PROFILE_SPECIFIER = "";
				SWIFT_SWIFT3_OBJC_INFERENCE = Default;
				SWIFT_VERSION = 4.0;
				TARGETED_DEVICE_FAMILY = 1;
			};
			name = Debug;
		};
		607FACF11AFB9204008FA782 /* Release */ = {
			isa = XCBuildConfiguration;
			baseConfigurationReference = CBA2127BFA85D124B4E0EEF5 /* Pods-RKCooperDemo.release.xcconfig */;
			buildSettings = {
				ALWAYS_EMBED_SWIFT_STANDARD_LIBRARIES = YES;
				ASSETCATALOG_COMPILER_APPICON_NAME = AppIcon;
				CODE_SIGN_ENTITLEMENTS = "";
				CODE_SIGN_IDENTITY = "iPhone Distribution";
				CODE_SIGN_STYLE = Manual;
				CURRENT_PROJECT_VERSION = 04011701;
				DEVELOPMENT_TEAM = 3YUD9UBP45;
				ENABLE_BITCODE = NO;
				INFOPLIST_FILE = RKCooperDemo/Info.plist;
				IPHONEOS_DEPLOYMENT_TARGET = 10.0;
				LD_RUNPATH_SEARCH_PATHS = "$(inherited) @executable_path/Frameworks";
				MARKETING_VERSION = 2.0.0;
				MODULE_NAME = ExampleApp;
				PRODUCT_BUNDLE_IDENTIFIER = com.rokid.cooperation.example;
				PRODUCT_NAME = "$(TARGET_NAME)";
				PROVISIONING_PROFILE_SPECIFIER = cooperationcoreExample_dis;
				SWIFT_SWIFT3_OBJC_INFERENCE = Default;
				SWIFT_VERSION = 4.0;
				TARGETED_DEVICE_FAMILY = 1;
			};
			name = Release;
		};
/* End XCBuildConfiguration section */

/* Begin XCConfigurationList section */
		607FACCB1AFB9204008FA782 /* Build configuration list for PBXProject "RKCooperDemo" */ = {
			isa = XCConfigurationList;
			buildConfigurations = (
				607FACED1AFB9204008FA782 /* Debug */,
				607FACEE1AFB9204008FA782 /* Release */,
			);
			defaultConfigurationIsVisible = 0;
			defaultConfigurationName = Release;
		};
		607FACEF1AFB9204008FA782 /* Build configuration list for PBXNativeTarget "RKCooperDemo" */ = {
			isa = XCConfigurationList;
			buildConfigurations = (
				607FACF01AFB9204008FA782 /* Debug */,
				607FACF11AFB9204008FA782 /* Release */,
			);
			defaultConfigurationIsVisible = 0;
			defaultConfigurationName = Release;
		};
/* End XCConfigurationList section */
	};
	rootObject = 607FACC81AFB9204008FA782 /* Project object */;
}
