// !$*UTF8*$!
{
	archiveVersion = 1;
	classes = {
	};
	objectVersion = 46;
	objects = {

/* Begin PBXBuildFile section */
		185D480EBC7088C0672F8CB9 /* Pods_RKCooperDemo.framework in Frameworks */ = {isa = PBXBuildFile; fileRef = 9D8BB637F5831069F47A90A4 /* Pods_RKCooperDemo.framework */; };
		607FACD61AFB9204008FA782 /* AppDelegate.swift in Sources */ = {isa = PBXBuildFile; fileRef = 607FACD51AFB9204008FA782 /* AppDelegate.swift */; };
		607FACD81AFB9204008FA782 /* LoginVC.swift in Sources */ = {isa = PBXBuildFile; fileRef = 607FACD71AFB9204008FA782 /* LoginVC.swift */; };
		607FACDB1AFB9204008FA782 /* Main.storyboard in Resources */ = {isa = PBXBuildFile; fileRef = 607FACD91AFB9204008FA782 /* Main.storyboard */; };
		607FACDD1AFB9204008FA782 /* Images.xcassets in Resources */ = {isa = PBXBuildFile; fileRef = 607FACDC1AFB9204008FA782 /* Images.xcassets */; };
		607FACE01AFB9204008FA782 /* LaunchScreen.xib in Resources */ = {isa = PBXBuildFile; fileRef = 607FACDE1AFB9204008FA782 /* LaunchScreen.xib */; };
		8A161B7C27E041E4009C0B58 /* MeetingSwitchToast.swift in Sources */ = {isa = PBXBuildFile; fileRef = 8A161B7B27E041E4009C0B58 /* MeetingSwitchToast.swift */; };
		8A161B7E27E042BD009C0B58 /* CustomAlertView.swift in Sources */ = {isa = PBXBuildFile; fileRef = 8A161B7D27E042BD009C0B58 /* CustomAlertView.swift */; };
		8A161B8027E042EE009C0B58 /* RKMaskView.swift in Sources */ = {isa = PBXBuildFile; fileRef = 8A161B7F27E042EE009C0B58 /* RKMaskView.swift */; };
		8A161B8627E1EFF8009C0B58 /* QMUIConfigurationTemplate.m in Sources */ = {isa = PBXBuildFile; fileRef = 8A161B8527E1EFF8009C0B58 /* QMUIConfigurationTemplate.m */; };
		8A161B8827E32C7D009C0B58 /* RKAlertController.swift in Sources */ = {isa = PBXBuildFile; fileRef = 8A161B8727E32C7D009C0B58 /* RKAlertController.swift */; };
		8A47C4BA27DEDE66005BF0CE /* ContactListVC.swift in Sources */ = {isa = PBXBuildFile; fileRef = 8A47C4B927DEDE66005BF0CE /* ContactListVC.swift */; };
		8A47C4C227DEF211005BF0CE /* RKLanguageManager.swift in Sources */ = {isa = PBXBuildFile; fileRef = 8A47C4C127DEF211005BF0CE /* RKLanguageManager.swift */; };
		8A47C4C927DF16DC005BF0CE /* ContactCell.swift in Sources */ = {isa = PBXBuildFile; fileRef = 8A47C4C827DF16DC005BF0CE /* ContactCell.swift */; };
		8A47C4CC27DF1B79005BF0CE /* ContactModel.swift in Sources */ = {isa = PBXBuildFile; fileRef = 8A47C4CB27DF1B79005BF0CE /* ContactModel.swift */; };
		8A47C4D527DF36C5005BF0CE /* ThemeDefine.swift in Sources */ = {isa = PBXBuildFile; fileRef = 8A47C4D427DF36C5005BF0CE /* ThemeDefine.swift */; };
		8A47C4DB27DF3789005BF0CE /* CallView.swift in Sources */ = {isa = PBXBuildFile; fileRef = 8A47C4D927DF3789005BF0CE /* CallView.swift */; };
		8A47C4DE27DF37F3005BF0CE /* MeetingManager.swift in Sources */ = {isa = PBXBuildFile; fileRef = 8A47C4DD27DF37F3005BF0CE /* MeetingManager.swift */; };
		8A47C4E327DF3834005BF0CE /* RKMeetingInfo.swift in Sources */ = {isa = PBXBuildFile; fileRef = 8A47C4E027DF3834005BF0CE /* RKMeetingInfo.swift */; };
		8A47C4E527DF3834005BF0CE /* RKRoomMember.swift in Sources */ = {isa = PBXBuildFile; fileRef = 8A47C4E227DF3834005BF0CE /* RKRoomMember.swift */; };
		8A47C4EA27DF3944005BF0CE /* ContactManager.swift in Sources */ = {isa = PBXBuildFile; fileRef = 8A47C4E927DF3944005BF0CE /* ContactManager.swift */; };
		8A47C4EC27DF3ADD005BF0CE /* CallPreVC.swift in Sources */ = {isa = PBXBuildFile; fileRef = 8A47C4EB27DF3ADD005BF0CE /* CallPreVC.swift */; };
		8A47C4EE27E03A16005BF0CE /* MideaRoomVC.swift in Sources */ = {isa = PBXBuildFile; fileRef = 8A47C4ED27E03A16005BF0CE /* MideaRoomVC.swift */; };
		8A47C4F027E03AA2005BF0CE /* MeetingRoomCollectionView.swift in Sources */ = {isa = PBXBuildFile; fileRef = 8A47C4EF27E03AA2005BF0CE /* MeetingRoomCollectionView.swift */; };
		8A47C4F227E03ABB005BF0CE /* MediaSettingToolBar.swift in Sources */ = {isa = PBXBuildFile; fileRef = 8A47C4F127E03ABB005BF0CE /* MediaSettingToolBar.swift */; };
		8A47C4F427E03AF2005BF0CE /* MeetingRoomCollectionCell.swift in Sources */ = {isa = PBXBuildFile; fileRef = 8A47C4F327E03AF2005BF0CE /* MeetingRoomCollectionCell.swift */; };
		8A47C4F627E03B23005BF0CE /* MeetingRoomNavToolBar.swift in Sources */ = {isa = PBXBuildFile; fileRef = 8A47C4F527E03B23005BF0CE /* MeetingRoomNavToolBar.swift */; };
		8A47C4F827E03C09005BF0CE /* RKExt.swift in Sources */ = {isa = PBXBuildFile; fileRef = 8A47C4F727E03C09005BF0CE /* RKExt.swift */; };
		8A47C4FA27E03D80005BF0CE /* CallAlertView.swift in Sources */ = {isa = PBXBuildFile; fileRef = 8A47C4F927E03D80005BF0CE /* CallAlertView.swift */; };
		8A944DA027E6D3ED00FA6060 /* FullVideoView.swift in Sources */ = {isa = PBXBuildFile; fileRef = 8A944D9F27E6D3ED00FA6060 /* FullVideoView.swift */; };
		8A944E7B27E84F0F00FA6060 /* DoodleVC.swift in Sources */ = {isa = PBXBuildFile; fileRef = 8A944E7A27E84F0F00FA6060 /* DoodleVC.swift */; };
		8ADD0FA32809672800B0F7E0 /* ChannelConfigVC.swift in Sources */ = {isa = PBXBuildFile; fileRef = 8ADD0FA22809672800B0F7E0 /* ChannelConfigVC.swift */; };
		8AFEC2462862FE7800A529BE /* TestHelper.swift in Sources */ = {isa = PBXBuildFile; fileRef = 8AFEC2452862FE7800A529BE /* TestHelper.swift */; };
/* End PBXBuildFile section */

/* Begin PBXCopyFilesBuildPhase section */
		8A944DB127E6FABD00FA6060 /* Embed App Extensions */ = {
			isa = PBXCopyFilesBuildPhase;
			buildActionMask = 2147483647;
			dstPath = "";
			dstSubfolderSpec = 13;
			files = (
			);
			name = "Embed App Extensions";
			runOnlyForDeploymentPostprocessing = 0;
		};
/* End PBXCopyFilesBuildPhase section */

/* Begin PBXFileReference section */
		607FACD01AFB9204008FA782 /* RKCooperDemo.app */ = {isa = PBXFileReference; explicitFileType = wrapper.application; includeInIndex = 0; path = RKCooperDemo.app; sourceTree = BUILT_PRODUCTS_DIR; };
		607FACD41AFB9204008FA782 /* Info.plist */ = {isa = PBXFileReference; lastKnownFileType = text.plist.xml; path = Info.plist; sourceTree = "<group>"; };
		607FACD51AFB9204008FA782 /* AppDelegate.swift */ = {isa = PBXFileReference; lastKnownFileType = sourcecode.swift; path = AppDelegate.swift; sourceTree = "<group>"; };
		607FACD71AFB9204008FA782 /* LoginVC.swift */ = {isa = PBXFileReference; lastKnownFileType = sourcecode.swift; path = LoginVC.swift; sourceTree = "<group>"; };
		607FACDA1AFB9204008FA782 /* Base */ = {isa = PBXFileReference; lastKnownFileType = file.storyboard; name = Base; path = Base.lproj/Main.storyboard; sourceTree = "<group>"; };
		607FACDC1AFB9204008FA782 /* Images.xcassets */ = {isa = PBXFileReference; lastKnownFileType = folder.assetcatalog; path = Images.xcassets; sourceTree = "<group>"; };
		607FACDF1AFB9204008FA782 /* Base */ = {isa = PBXFileReference; lastKnownFileType = file.xib; name = Base; path = Base.lproj/LaunchScreen.xib; sourceTree = "<group>"; };
		8A161B7B27E041E4009C0B58 /* MeetingSwitchToast.swift */ = {isa = PBXFileReference; fileEncoding = 4; lastKnownFileType = sourcecode.swift; path = MeetingSwitchToast.swift; sourceTree = "<group>"; };
		8A161B7D27E042BD009C0B58 /* CustomAlertView.swift */ = {isa = PBXFileReference; fileEncoding = 4; lastKnownFileType = sourcecode.swift; path = CustomAlertView.swift; sourceTree = "<group>"; };
		8A161B7F27E042EE009C0B58 /* RKMaskView.swift */ = {isa = PBXFileReference; fileEncoding = 4; lastKnownFileType = sourcecode.swift; path = RKMaskView.swift; sourceTree = "<group>"; };
		8A161B8427E1EFF8009C0B58 /* QMUIConfigurationTemplate.h */ = {isa = PBXFileReference; fileEncoding = 4; lastKnownFileType = sourcecode.c.h; path = QMUIConfigurationTemplate.h; sourceTree = "<group>"; };
		8A161B8527E1EFF8009C0B58 /* QMUIConfigurationTemplate.m */ = {isa = PBXFileReference; fileEncoding = 4; lastKnownFileType = sourcecode.c.objc; path = QMUIConfigurationTemplate.m; sourceTree = "<group>"; };
		8A161B8727E32C7D009C0B58 /* RKAlertController.swift */ = {isa = PBXFileReference; fileEncoding = 4; lastKnownFileType = sourcecode.swift; path = RKAlertController.swift; sourceTree = "<group>"; };
		8A47C4B927DEDE66005BF0CE /* ContactListVC.swift */ = {isa = PBXFileReference; lastKnownFileType = sourcecode.swift; path = ContactListVC.swift; sourceTree = "<group>"; };
		8A47C4C127DEF211005BF0CE /* RKLanguageManager.swift */ = {isa = PBXFileReference; fileEncoding = 4; lastKnownFileType = sourcecode.swift; path = RKLanguageManager.swift; sourceTree = "<group>"; };
		8A47C4C827DF16DC005BF0CE /* ContactCell.swift */ = {isa = PBXFileReference; lastKnownFileType = sourcecode.swift; path = ContactCell.swift; sourceTree = "<group>"; };
		8A47C4CB27DF1B79005BF0CE /* ContactModel.swift */ = {isa = PBXFileReference; lastKnownFileType = sourcecode.swift; path = ContactModel.swift; sourceTree = "<group>"; };
		8A47C4D427DF36C5005BF0CE /* ThemeDefine.swift */ = {isa = PBXFileReference; lastKnownFileType = sourcecode.swift; path = ThemeDefine.swift; sourceTree = "<group>"; };
		8A47C4D927DF3789005BF0CE /* CallView.swift */ = {isa = PBXFileReference; fileEncoding = 4; lastKnownFileType = sourcecode.swift; path = CallView.swift; sourceTree = "<group>"; };
		8A47C4DD27DF37F3005BF0CE /* MeetingManager.swift */ = {isa = PBXFileReference; fileEncoding = 4; lastKnownFileType = sourcecode.swift; path = MeetingManager.swift; sourceTree = "<group>"; };
		8A47C4E027DF3834005BF0CE /* RKMeetingInfo.swift */ = {isa = PBXFileReference; fileEncoding = 4; lastKnownFileType = sourcecode.swift; path = RKMeetingInfo.swift; sourceTree = "<group>"; };
		8A47C4E227DF3834005BF0CE /* RKRoomMember.swift */ = {isa = PBXFileReference; fileEncoding = 4; lastKnownFileType = sourcecode.swift; path = RKRoomMember.swift; sourceTree = "<group>"; };
		8A47C4E927DF3944005BF0CE /* ContactManager.swift */ = {isa = PBXFileReference; fileEncoding = 4; lastKnownFileType = sourcecode.swift; path = ContactManager.swift; sourceTree = "<group>"; };
		8A47C4EB27DF3ADD005BF0CE /* CallPreVC.swift */ = {isa = PBXFileReference; lastKnownFileType = sourcecode.swift; path = CallPreVC.swift; sourceTree = "<group>"; };
		8A47C4ED27E03A16005BF0CE /* MideaRoomVC.swift */ = {isa = PBXFileReference; fileEncoding = 4; lastKnownFileType = sourcecode.swift; path = MideaRoomVC.swift; sourceTree = "<group>"; };
		8A47C4EF27E03AA2005BF0CE /* MeetingRoomCollectionView.swift */ = {isa = PBXFileReference; fileEncoding = 4; lastKnownFileType = sourcecode.swift; path = MeetingRoomCollectionView.swift; sourceTree = "<group>"; };
		8A47C4F127E03ABB005BF0CE /* MediaSettingToolBar.swift */ = {isa = PBXFileReference; fileEncoding = 4; lastKnownFileType = sourcecode.swift; path = MediaSettingToolBar.swift; sourceTree = "<group>"; };
		8A47C4F327E03AF2005BF0CE /* MeetingRoomCollectionCell.swift */ = {isa = PBXFileReference; fileEncoding = 4; lastKnownFileType = sourcecode.swift; path = MeetingRoomCollectionCell.swift; sourceTree = "<group>"; };
		8A47C4F527E03B23005BF0CE /* MeetingRoomNavToolBar.swift */ = {isa = PBXFileReference; fileEncoding = 4; lastKnownFileType = sourcecode.swift; path = MeetingRoomNavToolBar.swift; sourceTree = "<group>"; };
		8A47C4F727E03C09005BF0CE /* RKExt.swift */ = {isa = PBXFileReference; fileEncoding = 4; lastKnownFileType = sourcecode.swift; path = RKExt.swift; sourceTree = "<group>"; };
		8A47C4F927E03D80005BF0CE /* CallAlertView.swift */ = {isa = PBXFileReference; fileEncoding = 4; lastKnownFileType = sourcecode.swift; path = CallAlertView.swift; sourceTree = "<group>"; };
		8A944D9F27E6D3ED00FA6060 /* FullVideoView.swift */ = {isa = PBXFileReference; lastKnownFileType = sourcecode.swift; path = FullVideoView.swift; sourceTree = "<group>"; };
		8A944DA627E6FABD00FA6060 /* ReplayKit.framework */ = {isa = PBXFileReference; lastKnownFileType = wrapper.framework; name = ReplayKit.framework; path = System/Library/Frameworks/ReplayKit.framework; sourceTree = SDKROOT; };
		8A944DA827E6FABD00FA6060 /* UIKit.framework */ = {isa = PBXFileReference; lastKnownFileType = wrapper.framework; name = UIKit.framework; path = System/Library/Frameworks/UIKit.framework; sourceTree = SDKROOT; };
		8A944E7A27E84F0F00FA6060 /* DoodleVC.swift */ = {isa = PBXFileReference; lastKnownFileType = sourcecode.swift; path = DoodleVC.swift; sourceTree = "<group>"; };
		8ADD0FA22809672800B0F7E0 /* ChannelConfigVC.swift */ = {isa = PBXFileReference; lastKnownFileType = sourcecode.swift; path = ChannelConfigVC.swift; sourceTree = "<group>"; };
		8AFEC2452862FE7800A529BE /* TestHelper.swift */ = {isa = PBXFileReference; lastKnownFileType = sourcecode.swift; path = TestHelper.swift; sourceTree = "<group>"; };
		9D8BB637F5831069F47A90A4 /* Pods_RKCooperDemo.framework */ = {isa = PBXFileReference; explicitFileType = wrapper.framework; includeInIndex = 0; path = Pods_RKCooperDemo.framework; sourceTree = BUILT_PRODUCTS_DIR; };
		A3BF7C1C27D78E178C4E8A81 /* Pods-RKCooperDemo_Example.debug.xcconfig */ = {isa = PBXFileReference; includeInIndex = 1; lastKnownFileType = text.xcconfig; name = "Pods-RKCooperDemo_Example.debug.xcconfig"; path = "Target Support Files/Pods-RKCooperDemo_Example/Pods-RKCooperDemo_Example.debug.xcconfig"; sourceTree = "<group>"; };
		B0623B3227EC4050004E43A1 /* RKCooperDemoRelease.entitlements */ = {isa = PBXFileReference; lastKnownFileType = text.plist.entitlements; name = RKCooperDemoRelease.entitlements; path = RKCooperDemo/RKCooperDemoRelease.entitlements; sourceTree = "<group>"; };
		B4140A1BBA1886582263CE52 /* Pods-RKCooperDemo_Example.release.xcconfig */ = {isa = PBXFileReference; includeInIndex = 1; lastKnownFileType = text.xcconfig; name = "Pods-RKCooperDemo_Example.release.xcconfig"; path = "Target Support Files/Pods-RKCooperDemo_Example/Pods-RKCooperDemo_Example.release.xcconfig"; sourceTree = "<group>"; };
		CBA2127BFA85D124B4E0EEF5 /* Pods-RKCooperDemo.release.xcconfig */ = {isa = PBXFileReference; includeInIndex = 1; lastKnownFileType = text.xcconfig; name = "Pods-RKCooperDemo.release.xcconfig"; path = "Target Support Files/Pods-RKCooperDemo/Pods-RKCooperDemo.release.xcconfig"; sourceTree = "<group>"; };
		F971A9210B63411DCB0AE78B /* Pods-RKCooperDemo.debug.xcconfig */ = {isa = PBXFileReference; includeInIndex = 1; lastKnownFileType = text.xcconfig; name = "Pods-RKCooperDemo.debug.xcconfig"; path = "Target Support Files/Pods-RKCooperDemo/Pods-RKCooperDemo.debug.xcconfig"; sourceTree = "<group>"; };
/* End PBXFileReference section */

/* Begin PBXFrameworksBuildPhase section */
		607FACCD1AFB9204008FA782 /* Frameworks */ = {
			isa = PBXFrameworksBuildPhase;
			buildActionMask = 2147483647;
			files = (
				185D480EBC7088C0672F8CB9 /* Pods_RKCooperDemo.framework in Frameworks */,
			);
			runOnlyForDeploymentPostprocessing = 0;
		};
/* End PBXFrameworksBuildPhase section */

/* Begin PBXGroup section */
		2E3EA0404B24485FD3099CFD /* Frameworks */ = {
			isa = PBXGroup;
			children = (
				8A944DA627E6FABD00FA6060 /* ReplayKit.framework */,
				8A944DA827E6FABD00FA6060 /* UIKit.framework */,
				9D8BB637F5831069F47A90A4 /* Pods_RKCooperDemo.framework */,
			);
			name = Frameworks;
			sourceTree = "<group>";
		};
		607FACC71AFB9204008FA782 = {
			isa = PBXGroup;
			children = (
				B0623B3227EC4050004E43A1 /* RKCooperDemoRelease.entitlements */,
				607FACD21AFB9204008FA782 /* Example for RKCooperDemo */,
				607FACD11AFB9204008FA782 /* Products */,
				BA59C2957BC54687A078BA5A /* Pods */,
				2E3EA0404B24485FD3099CFD /* Frameworks */,
			);
			sourceTree = "<group>";
		};
		607FACD11AFB9204008FA782 /* Products */ = {
			isa = PBXGroup;
			children = (
				607FACD01AFB9204008FA782 /* RKCooperDemo.app */,
			);
			name = Products;
			sourceTree = "<group>";
		};
		607FACD21AFB9204008FA782 /* Example for RKCooperDemo */ = {
			isa = PBXGroup;
			children = (
				8A47C4C327DF1372005BF0CE /* Main */,
				8A47C4C027DEF1E5005BF0CE /* Utils */,
				607FACD51AFB9204008FA782 /* AppDelegate.swift */,
				607FACD71AFB9204008FA782 /* LoginVC.swift */,
				607FACD91AFB9204008FA782 /* Main.storyboard */,
				607FACDC1AFB9204008FA782 /* Images.xcassets */,
				607FACDE1AFB9204008FA782 /* LaunchScreen.xib */,
				607FACD31AFB9204008FA782 /* Supporting Files */,
			);
			name = "Example for RKCooperDemo";
			path = RKCooperDemo;
			sourceTree = "<group>";
		};
		607FACD31AFB9204008FA782 /* Supporting Files */ = {
			isa = PBXGroup;
			children = (
				607FACD41AFB9204008FA782 /* Info.plist */,
			);
			name = "Supporting Files";
			sourceTree = "<group>";
		};
		8A161B8327E1EFF8009C0B58 /* QMUIConfigurationTemplate */ = {
			isa = PBXGroup;
			children = (
				8A161B8427E1EFF8009C0B58 /* QMUIConfigurationTemplate.h */,
				8A161B8527E1EFF8009C0B58 /* QMUIConfigurationTemplate.m */,
			);
			name = QMUIConfigurationTemplate;
			path = Pods/QMUIKit/QMUIConfigurationTemplate;
			sourceTree = SOURCE_ROOT;
		};
		8A47C4C027DEF1E5005BF0CE /* Utils */ = {
			isa = PBXGroup;
			children = (
				8A161B8727E32C7D009C0B58 /* RKAlertController.swift */,
				8A47C4F727E03C09005BF0CE /* RKExt.swift */,
				8A47C4C127DEF211005BF0CE /* RKLanguageManager.swift */,
				8A47C4D427DF36C5005BF0CE /* ThemeDefine.swift */,
				8AFEC2452862FE7800A529BE /* TestHelper.swift */,
			);
			path = Utils;
			sourceTree = "<group>";
		};
		8A47C4C327DF1372005BF0CE /* Main */ = {
			isa = PBXGroup;
			children = (
				8A161B8327E1EFF8009C0B58 /* QMUIConfigurationTemplate */,
				8A47C4CD27DF33AE005BF0CE /* RTC */,
				8A47C4CA27DF1826005BF0CE /* Contact */,
			);
			path = Main;
			sourceTree = "<group>";
		};
		8A47C4CA27DF1826005BF0CE /* Contact */ = {
			isa = PBXGroup;
			children = (
				8A47C4E827DF3936005BF0CE /* Manager */,
				8A47C4C827DF16DC005BF0CE /* ContactCell.swift */,
				8A47C4B927DEDE66005BF0CE /* ContactListVC.swift */,
				8A47C4CB27DF1B79005BF0CE /* ContactModel.swift */,
			);
			path = Contact;
			sourceTree = "<group>";
		};
		8A47C4CD27DF33AE005BF0CE /* RTC */ = {
			isa = PBXGroup;
			children = (
				8A47C4DF27DF3826005BF0CE /* Model */,
				8A47C4DC27DF37E5005BF0CE /* Manager */,
				8A47C4D727DF3774005BF0CE /* View */,
				8A47C4D627DF3747005BF0CE /* VC */,
			);
			path = RTC;
			sourceTree = "<group>";
		};
		8A47C4D627DF3747005BF0CE /* VC */ = {
			isa = PBXGroup;
			children = (
				8A47C4EB27DF3ADD005BF0CE /* CallPreVC.swift */,
				8A47C4ED27E03A16005BF0CE /* MideaRoomVC.swift */,
				8A944E7A27E84F0F00FA6060 /* DoodleVC.swift */,
				8ADD0FA22809672800B0F7E0 /* ChannelConfigVC.swift */,
			);
			path = VC;
			sourceTree = "<group>";
		};
		8A47C4D727DF3774005BF0CE /* View */ = {
			isa = PBXGroup;
			children = (
				8A161B7F27E042EE009C0B58 /* RKMaskView.swift */,
				8A161B7D27E042BD009C0B58 /* CustomAlertView.swift */,
				8A161B7B27E041E4009C0B58 /* MeetingSwitchToast.swift */,
				8A47C4F927E03D80005BF0CE /* CallAlertView.swift */,
				8A47C4F527E03B23005BF0CE /* MeetingRoomNavToolBar.swift */,
				8A47C4F327E03AF2005BF0CE /* MeetingRoomCollectionCell.swift */,
				8A47C4F127E03ABB005BF0CE /* MediaSettingToolBar.swift */,
				8A47C4EF27E03AA2005BF0CE /* MeetingRoomCollectionView.swift */,
				8A47C4D927DF3789005BF0CE /* CallView.swift */,
				8A944D9F27E6D3ED00FA6060 /* FullVideoView.swift */,
			);
			path = View;
			sourceTree = "<group>";
		};
		8A47C4DC27DF37E5005BF0CE /* Manager */ = {
			isa = PBXGroup;
			children = (
				8A47C4DD27DF37F3005BF0CE /* MeetingManager.swift */,
			);
			path = Manager;
			sourceTree = "<group>";
		};
		8A47C4DF27DF3826005BF0CE /* Model */ = {
			isa = PBXGroup;
			children = (
				8A47C4E027DF3834005BF0CE /* RKMeetingInfo.swift */,
				8A47C4E227DF3834005BF0CE /* RKRoomMember.swift */,
			);
			path = Model;
			sourceTree = "<group>";
		};
		8A47C4E827DF3936005BF0CE /* Manager */ = {
			isa = PBXGroup;
			children = (
				8A47C4E927DF3944005BF0CE /* ContactManager.swift */,
			);
			path = Manager;
			sourceTree = "<group>";
		};
		BA59C2957BC54687A078BA5A /* Pods */ = {
			isa = PBXGroup;
			children = (
				A3BF7C1C27D78E178C4E8A81 /* Pods-RKCooperDemo_Example.debug.xcconfig */,
				B4140A1BBA1886582263CE52 /* Pods-RKCooperDemo_Example.release.xcconfig */,
				F971A9210B63411DCB0AE78B /* Pods-RKCooperDemo.debug.xcconfig */,
				CBA2127BFA85D124B4E0EEF5 /* Pods-RKCooperDemo.release.xcconfig */,
			);
			path = Pods;
			sourceTree = "<group>";
		};
/* End PBXGroup section */

/* Begin PBXNativeTarget section */
		607FACCF1AFB9204008FA782 /* RKCooperDemo */ = {
			isa = PBXNativeTarget;
			buildConfigurationList = 607FACEF1AFB9204008FA782 /* Build configuration list for PBXNativeTarget "RKCooperDemo" */;
			buildPhases = (
				3AE929D07B026D18A0588630 /* [CP] Check Pods Manifest.lock */,
				607FACCC1AFB9204008FA782 /* Sources */,
				607FACCD1AFB9204008FA782 /* Frameworks */,
				607FACCE1AFB9204008FA782 /* Resources */,
				2865007E64478EA41E7BF317 /* [CP] Embed Pods Frameworks */,
				8A944DB127E6FABD00FA6060 /* Embed App Extensions */,
			);
			buildRules = (
			);
			dependencies = (
			);
			name = RKCooperDemo;
			productName = RKCooperDemo;
			productReference = 607FACD01AFB9204008FA782 /* RKCooperDemo.app */;
			productType = "com.apple.product-type.application";
		};
/* End PBXNativeTarget section */

/* Begin PBXProject section */
		607FACC81AFB9204008FA782 /* Project object */ = {
			isa = PBXProject;
			attributes = {
				LastSwiftUpdateCheck = 1320;
				LastUpgradeCheck = 0830;
				ORGANIZATIONNAME = CocoaPods;
				TargetAttributes = {
					607FACCF1AFB9204008FA782 = {
						CreatedOnToolsVersion = 6.3.1;
						DevelopmentTeam = 3YUD9UBP45;
						LastSwiftMigration = 0900;
						ProvisioningStyle = Automatic;
					};
				};
			};
			buildConfigurationList = 607FACCB1AFB9204008FA782 /* Build configuration list for PBXProject "RKCooperDemo" */;
			compatibilityVersion = "Xcode 3.2";
			developmentRegion = English;
			hasScannedForEncodings = 0;
			knownRegions = (
				English,
				en,
				Base,
			);
			mainGroup = 607FACC71AFB9204008FA782;
			productRefGroup = 607FACD11AFB9204008FA782 /* Products */;
			projectDirPath = "";
			projectRoot = "";
			targets = (
				607FACCF1AFB9204008FA782 /* RKCooperDemo */,
			);
		};
/* End PBXProject section */

/* Begin PBXResourcesBuildPhase section */
		607FACCE1AFB9204008FA782 /* Resources */ = {
			isa = PBXResourcesBuildPhase;
			buildActionMask = 2147483647;
			files = (
				607FACDB1AFB9204008FA782 /* Main.storyboard in Resources */,
				607FACE01AFB9204008FA782 /* LaunchScreen.xib in Resources */,
				607FACDD1AFB9204008FA782 /* Images.xcassets in Resources */,
			);
			runOnlyForDeploymentPostprocessing = 0;
		};
/* End PBXResourcesBuildPhase section */

/* Begin PBXShellScriptBuildPhase section */
		2865007E64478EA41E7BF317 /* [CP] Embed Pods Frameworks */ = {
			isa = PBXShellScriptBuildPhase;
			buildActionMask = 2147483647;
			files = (
			);
			inputPaths = (
				"${PODS_ROOT}/Target Support Files/Pods-RKCooperDemo/Pods-RKCooperDemo-frameworks.sh",
				"${BUILT_PRODUCTS_DIR}/Alamofire/Alamofire.framework",
				"${BUILT_PRODUCTS_DIR}/CocoaLumberjack/CocoaLumberjack.framework",
				"${BUILT_PRODUCTS_DIR}/DoraemonKit/DoraemonKit.framework",
				"${BUILT_PRODUCTS_DIR}/FMDB/FMDB.framework",
				"${BUILT_PRODUCTS_DIR}/GCDWebServer/GCDWebServer.framework",
				"${BUILT_PRODUCTS_DIR}/IQKeyboardManagerSwift/IQKeyboardManagerSwift.framework",
				"${BUILT_PRODUCTS_DIR}/Kingfisher/Kingfisher.framework",
				"${BUILT_PRODUCTS_DIR}/LookinServer/LookinServer.framework",
				"${BUILT_PRODUCTS_DIR}/Moya/Moya.framework",
				"${BUILT_PRODUCTS_DIR}/QMUIKit/QMUIKit.framework",
				"${BUILT_PRODUCTS_DIR}/RKIHandyJSON/RKIHandyJSON.framework",
				"${BUILT_PRODUCTS_DIR}/RKILogger/RKILogger.framework",
				"${BUILT_PRODUCTS_DIR}/RKIUtils/RKIUtils.framework",
				"${PODS_ROOT}/RKRTC/Frameworks/AWSCore.framework",
				"${PODS_ROOT}/RKRTC/Frameworks/AWSS3.framework",
				"${PODS_ROOT}/RKRTC/Frameworks/WebRTC.framework",
				"${BUILT_PRODUCTS_DIR}/RKSassLog/RKSassLog.framework",
				"${BUILT_PRODUCTS_DIR}/SnapKit/SnapKit.framework",
				"${BUILT_PRODUCTS_DIR}/Starscream/Starscream.framework",
			);
			name = "[CP] Embed Pods Frameworks";
			outputPaths = (
				"${TARGET_BUILD_DIR}/${FRAMEWORKS_FOLDER_PATH}/Alamofire.framework",
				"${TARGET_BUILD_DIR}/${FRAMEWORKS_FOLDER_PATH}/CocoaLumberjack.framework",
				"${TARGET_BUILD_DIR}/${FRAMEWORKS_FOLDER_PATH}/DoraemonKit.framework",
				"${TARGET_BUILD_DIR}/${FRAMEWORKS_FOLDER_PATH}/FMDB.framework",
				"${TARGET_BUILD_DIR}/${FRAMEWORKS_FOLDER_PATH}/GCDWebServer.framework",
				"${TARGET_BUILD_DIR}/${FRAMEWORKS_FOLDER_PATH}/IQKeyboardManagerSwift.framework",
				"${TARGET_BUILD_DIR}/${FRAMEWORKS_FOLDER_PATH}/Kingfisher.framework",
				"${TARGET_BUILD_DIR}/${FRAMEWORKS_FOLDER_PATH}/LookinServer.framework",
				"${TARGET_BUILD_DIR}/${FRAMEWORKS_FOLDER_PATH}/Moya.framework",
				"${TARGET_BUILD_DIR}/${FRAMEWORKS_FOLDER_PATH}/QMUIKit.framework",
				"${TARGET_BUILD_DIR}/${FRAMEWORKS_FOLDER_PATH}/RKIHandyJSON.framework",
				"${TARGET_BUILD_DIR}/${FRAMEWORKS_FOLDER_PATH}/RKILogger.framework",
				"${TARGET_BUILD_DIR}/${FRAMEWORKS_FOLDER_PATH}/RKIUtils.framework",
				"${TARGET_BUILD_DIR}/${FRAMEWORKS_FOLDER_PATH}/AWSCore.framework",
				"${TARGET_BUILD_DIR}/${FRAMEWORKS_FOLDER_PATH}/AWSS3.framework",
				"${TARGET_BUILD_DIR}/${FRAMEWORKS_FOLDER_PATH}/WebRTC.framework",
				"${TARGET_BUILD_DIR}/${FRAMEWORKS_FOLDER_PATH}/RKSassLog.framework",
				"${TARGET_BUILD_DIR}/${FRAMEWORKS_FOLDER_PATH}/SnapKit.framework",
				"${TARGET_BUILD_DIR}/${FRAMEWORKS_FOLDER_PATH}/Starscream.framework",
			);
			runOnlyForDeploymentPostprocessing = 0;
			shellPath = /bin/sh;
			shellScript = "\"${PODS_ROOT}/Target Support Files/Pods-RKCooperDemo/Pods-RKCooperDemo-frameworks.sh\"\n";
			showEnvVarsInLog = 0;
		};
		3AE929D07B026D18A0588630 /* [CP] Check Pods Manifest.lock */ = {
			isa = PBXShellScriptBuildPhase;
			buildActionMask = 2147483647;
			files = (
			);
			inputFileListPaths = (
			);
			inputPaths = (
				"${PODS_PODFILE_DIR_PATH}/Podfile.lock",
				"${PODS_ROOT}/Manifest.lock",
			);
			name = "[CP] Check Pods Manifest.lock";
			outputFileListPaths = (
			);
			outputPaths = (
				"$(DERIVED_FILE_DIR)/Pods-RKCooperDemo-checkManifestLockResult.txt",
			);
			runOnlyForDeploymentPostprocessing = 0;
			shellPath = /bin/sh;
			shellScript = "diff \"${PODS_PODFILE_DIR_PATH}/Podfile.lock\" \"${PODS_ROOT}/Manifest.lock\" > /dev/null\nif [ $? != 0 ] ; then\n    # print error to STDERR\n    echo \"error: The sandbox is not in sync with the Podfile.lock. Run 'pod install' or update your CocoaPods installation.\" >&2\n    exit 1\nfi\n# This output is used by Xcode 'outputs' to avoid re-running this script phase.\necho \"SUCCESS\" > \"${SCRIPT_OUTPUT_FILE_0}\"\n";
			showEnvVarsInLog = 0;
		};
/* End PBXShellScriptBuildPhase section */

/* Begin PBXSourcesBuildPhase section */
		607FACCC1AFB9204008FA782 /* Sources */ = {
			isa = PBXSourcesBuildPhase;
			buildActionMask = 2147483647;
			files = (
				8A47C4E327DF3834005BF0CE /* RKMeetingInfo.swift in Sources */,
				8ADD0FA32809672800B0F7E0 /* ChannelConfigVC.swift in Sources */,
				8AFEC2462862FE7800A529BE /* TestHelper.swift in Sources */,
				607FACD81AFB9204008FA782 /* LoginVC.swift in Sources */,
				8A47C4DB27DF3789005BF0CE /* CallView.swift in Sources */,
				8A47C4CC27DF1B79005BF0CE /* ContactModel.swift in Sources */,
				8A47C4EE27E03A16005BF0CE /* MideaRoomVC.swift in Sources */,
				8A47C4EC27DF3ADD005BF0CE /* CallPreVC.swift in Sources */,
				8A47C4F627E03B23005BF0CE /* MeetingRoomNavToolBar.swift in Sources */,
				607FACD61AFB9204008FA782 /* AppDelegate.swift in Sources */,
				8A47C4E527DF3834005BF0CE /* RKRoomMember.swift in Sources */,
				8A161B8627E1EFF8009C0B58 /* QMUIConfigurationTemplate.m in Sources */,
				8A47C4F227E03ABB005BF0CE /* MediaSettingToolBar.swift in Sources */,
				8A161B8827E32C7D009C0B58 /* RKAlertController.swift in Sources */,
				8A47C4C227DEF211005BF0CE /* RKLanguageManager.swift in Sources */,
				8A47C4FA27E03D80005BF0CE /* CallAlertView.swift in Sources */,
				8A161B8027E042EE009C0B58 /* RKMaskView.swift in Sources */,
				8A47C4F827E03C09005BF0CE /* RKExt.swift in Sources */,
				8A47C4F427E03AF2005BF0CE /* MeetingRoomCollectionCell.swift in Sources */,
				8A47C4C927DF16DC005BF0CE /* ContactCell.swift in Sources */,
				8A47C4D527DF36C5005BF0CE /* ThemeDefine.swift in Sources */,
				8A47C4F027E03AA2005BF0CE /* MeetingRoomCollectionView.swift in Sources */,
				8A944E7B27E84F0F00FA6060 /* DoodleVC.swift in Sources */,
				8A47C4EA27DF3944005BF0CE /* ContactManager.swift in Sources */,
				8A161B7C27E041E4009C0B58 /* MeetingSwitchToast.swift in Sources */,
				8A161B7E27E042BD009C0B58 /* CustomAlertView.swift in Sources */,
				8A944DA027E6D3ED00FA6060 /* FullVideoView.swift in Sources */,
				8A47C4DE27DF37F3005BF0CE /* MeetingManager.swift in Sources */,
				8A47C4BA27DEDE66005BF0CE /* ContactListVC.swift in Sources */,
			);
			runOnlyForDeploymentPostprocessing = 0;
		};
/* End PBXSourcesBuildPhase section */

/* Begin PBXVariantGroup section */
		607FACD91AFB9204008FA782 /* Main.storyboard */ = {
			isa = PBXVariantGroup;
			children = (
				607FACDA1AFB9204008FA782 /* Base */,
			);
			name = Main.storyboard;
			sourceTree = "<group>";
		};
		607FACDE1AFB9204008FA782 /* LaunchScreen.xib */ = {
			isa = PBXVariantGroup;
			children = (
				607FACDF1AFB9204008FA782 /* Base */,
			);
			name = LaunchScreen.xib;
			sourceTree = "<group>";
		};
/* End PBXVariantGroup section */

/* Begin XCBuildConfiguration section */
		607FACED1AFB9204008FA782 /* Debug */ = {
			isa = XCBuildConfiguration;
			buildSettings = {
				ALWAYS_SEARCH_USER_PATHS = NO;
				CLANG_CXX_LANGUAGE_STANDARD = "gnu++0x";
				CLANG_CXX_LIBRARY = "libc++";
				CLANG_ENABLE_MODULES = YES;
				CLANG_ENABLE_OBJC_ARC = YES;
				CLANG_WARN_BLOCK_CAPTURE_AUTORELEASING = YES;
				CLANG_WARN_BOOL_CONVERSION = YES;
				CLANG_WARN_COMMA = YES;
				CLANG_WARN_CONSTANT_CONVERSION = YES;
				CLANG_WARN_DIRECT_OBJC_ISA_USAGE = YES_ERROR;
				CLANG_WARN_EMPTY_BODY = YES;
				CLANG_WARN_ENUM_CONVERSION = YES;
				CLANG_WARN_INFINITE_RECURSION = YES;
				CLANG_WARN_INT_CONVERSION = YES;
				CLANG_WARN_NON_LITERAL_NULL_CONVERSION = YES;
				CLANG_WARN_OBJC_LITERAL_CONVERSION = YES;
				CLANG_WARN_OBJC_ROOT_CLASS = YES_ERROR;
				CLANG_WARN_RANGE_LOOP_ANALYSIS = YES;
				CLANG_WARN_STRICT_PROTOTYPES = YES;
				CLANG_WARN_SUSPICIOUS_MOVE = YES;
				CLANG_WARN_UNREACHABLE_CODE = YES;
				CLANG_WARN__DUPLICATE_METHOD_MATCH = YES;
				"CODE_SIGN_IDENTITY[sdk=iphoneos*]" = "iPhone Developer";
				COPY_PHASE_STRIP = NO;
				DEBUG_INFORMATION_FORMAT = "dwarf-with-dsym";
				ENABLE_BITCODE = NO;
				ENABLE_STRICT_OBJC_MSGSEND = YES;
				ENABLE_TESTABILITY = YES;
				GCC_C_LANGUAGE_STANDARD = gnu99;
				GCC_DYNAMIC_NO_PIC = NO;
				GCC_NO_COMMON_BLOCKS = YES;
				GCC_OPTIMIZATION_LEVEL = 0;
				GCC_PREPROCESSOR_DEFINITIONS = (
					"DEBUG=1",
					"$(inherited)",
				);
				GCC_SYMBOLS_PRIVATE_EXTERN = NO;
				GCC_WARN_64_TO_32_BIT_CONVERSION = YES;
				GCC_WARN_ABOUT_RETURN_TYPE = YES_ERROR;
				GCC_WARN_UNDECLARED_SELECTOR = YES;
				GCC_WARN_UNINITIALIZED_AUTOS = YES_AGGRESSIVE;
				GCC_WARN_UNUSED_FUNCTION = YES;
				GCC_WARN_UNUSED_VARIABLE = YES;
				IPHONEOS_DEPLOYMENT_TARGET = 10.0;
				MTL_ENABLE_DEBUG_INFO = YES;
				ONLY_ACTIVE_ARCH = YES;
				SDKROOT = iphoneos;
				SWIFT_OPTIMIZATION_LEVEL = "-Onone";
			};
			name = Debug;
		};
		607FACEE1AFB9204008FA782 /* Release */ = {
			isa = XCBuildConfiguration;
			buildSettings = {
				ALWAYS_SEARCH_USER_PATHS = NO;
				CLANG_CXX_LANGUAGE_STANDARD = "gnu++0x";
				CLANG_CXX_LIBRARY = "libc++";
				CLANG_ENABLE_MODULES = YES;
				CLANG_ENABLE_OBJC_ARC = YES;
				CLANG_WARN_BLOCK_CAPTURE_AUTORELEASING = YES;
				CLANG_WARN_BOOL_CONVERSION = YES;
				CLANG_WARN_COMMA = YES;
				CLANG_WARN_CONSTANT_CONVERSION = YES;
				CLANG_WARN_DIRECT_OBJC_ISA_USAGE = YES_ERROR;
				CLANG_WARN_EMPTY_BODY = YES;
				CLANG_WARN_ENUM_CONVERSION = YES;
				CLANG_WARN_INFINITE_RECURSION = YES;
				CLANG_WARN_INT_CONVERSION = YES;
				CLANG_WARN_NON_LITERAL_NULL_CONVERSION = YES;
				CLANG_WARN_OBJC_LITERAL_CONVERSION = YES;
				CLANG_WARN_OBJC_ROOT_CLASS = YES_ERROR;
				CLANG_WARN_RANGE_LOOP_ANALYSIS = YES;
				CLANG_WARN_STRICT_PROTOTYPES = YES;
				CLANG_WARN_SUSPICIOUS_MOVE = YES;
				CLANG_WARN_UNREACHABLE_CODE = YES;
				CLANG_WARN__DUPLICATE_METHOD_MATCH = YES;
				"CODE_SIGN_IDENTITY[sdk=iphoneos*]" = "iPhone Developer";
				COPY_PHASE_STRIP = NO;
				DEBUG_INFORMATION_FORMAT = "dwarf-with-dsym";
				ENABLE_BITCODE = NO;
				ENABLE_NS_ASSERTIONS = NO;
				ENABLE_STRICT_OBJC_MSGSEND = YES;
				GCC_C_LANGUAGE_STANDARD = gnu99;
				GCC_NO_COMMON_BLOCKS = YES;
				GCC_WARN_64_TO_32_BIT_CONVERSION = YES;
				GCC_WARN_ABOUT_RETURN_TYPE = YES_ERROR;
				GCC_WARN_UNDECLARED_SELECTOR = YES;
				GCC_WARN_UNINITIALIZED_AUTOS = YES_AGGRESSIVE;
				GCC_WARN_UNUSED_FUNCTION = YES;
				GCC_WARN_UNUSED_VARIABLE = YES;
				IPHONEOS_DEPLOYMENT_TARGET = 10.0;
				MTL_ENABLE_DEBUG_INFO = NO;
				SDKROOT = iphoneos;
				SWIFT_OPTIMIZATION_LEVEL = "-Owholemodule";
				VALIDATE_PRODUCT = YES;
			};
			name = Release;
		};
		607FACF01AFB9204008FA782 /* Debug */ = {
			isa = XCBuildConfiguration;
			baseConfigurationReference = F971A9210B63411DCB0AE78B /* Pods-RKCooperDemo.debug.xcconfig */;
			buildSettings = {
				ALWAYS_EMBED_SWIFT_STANDARD_LIBRARIES = YES;
				ARCHS = arm64;
				ASSETCATALOG_COMPILER_APPICON_NAME = AppIcon;
				CODE_SIGN_ENTITLEMENTS = "";
				CODE_SIGN_IDENTITY = "Apple Development";
				CODE_SIGN_STYLE = Automatic;
				CURRENT_PROJECT_VERSION = 22071218;
				DEVELOPMENT_TEAM = "";
				ENABLE_BITCODE = NO;
				INFOPLIST_FILE = RKCooperDemo/Info.plist;
				IPHONEOS_DEPLOYMENT_TARGET = 10.0;
				LD_RUNPATH_SEARCH_PATHS = "$(inherited) @executable_path/Frameworks";
				MARKETING_VERSION = 2.5.0;
				MODULE_NAME = ExampleApp;
				PRODUCT_BUNDLE_IDENTIFIER = com.rokid.cooperation.example;
				PRODUCT_NAME = "$(TARGET_NAME)";
				PROVISIONING_PROFILE_SPECIFIER = "";
				SWIFT_SWIFT3_OBJC_INFERENCE = Default;
				SWIFT_VERSION = 4.0;
				TARGETED_DEVICE_FAMILY = 1;
			};
			name = Debug;
		};
		607FACF11AFB9204008FA782 /* Release */ = {
			isa = XCBuildConfiguration;
			baseConfigurationReference = CBA2127BFA85D124B4E0EEF5 /* Pods-RKCooperDemo.release.xcconfig */;
			buildSettings = {
				ALWAYS_EMBED_SWIFT_STANDARD_LIBRARIES = YES;
				ARCHS = arm64;
				ASSETCATALOG_COMPILER_APPICON_NAME = AppIcon;
				CODE_SIGN_ENTITLEMENTS = "";
				CODE_SIGN_IDENTITY = "iPhone Distribution";
				CODE_SIGN_STYLE = Manual;
				CURRENT_PROJECT_VERSION = 22071218;
				DEVELOPMENT_TEAM = 3YUD9UBP45;
				ENABLE_BITCODE = NO;
				INFOPLIST_FILE = RKCooperDemo/Info.plist;
				IPHONEOS_DEPLOYMENT_TARGET = 10.0;
				LD_RUNPATH_SEARCH_PATHS = "$(inherited) @executable_path/Frameworks";
				MARKETING_VERSION = 2.5.0;
				MODULE_NAME = ExampleApp;
				PRODUCT_BUNDLE_IDENTIFIER = com.rokid.cooperation.example;
				PRODUCT_NAME = "$(TARGET_NAME)";
				PROVISIONING_PROFILE_SPECIFIER = cooperationcoreExample_dis;
				SWIFT_SWIFT3_OBJC_INFERENCE = Default;
				SWIFT_VERSION = 4.0;
				TARGETED_DEVICE_FAMILY = 1;
			};
			name = Release;
		};
/* End XCBuildConfiguration section */

/* Begin XCConfigurationList section */
		607FACCB1AFB9204008FA782 /* Build configuration list for PBXProject "RKCooperDemo" */ = {
			isa = XCConfigurationList;
			buildConfigurations = (
				607FACED1AFB9204008FA782 /* Debug */,
				607FACEE1AFB9204008FA782 /* Release */,
			);
			defaultConfigurationIsVisible = 0;
			defaultConfigurationName = Release;
		};
		607FACEF1AFB9204008FA782 /* Build configuration list for PBXNativeTarget "RKCooperDemo" */ = {
			isa = XCConfigurationList;
			buildConfigurations = (
				607FACF01AFB9204008FA782 /* Debug */,
				607FACF11AFB9204008FA782 /* Release */,
			);
			defaultConfigurationIsVisible = 0;
			defaultConfigurationName = Release;
		};
/* End XCConfigurationList section */
	};
	rootObject = 607FACC81AFB9204008FA782 /* Project object */;
}
